
Microsoft Visual Studio Solution File, Format Version 12.00
# Visual Studio Version 16
VisualStudioVersion = 16.0.31005.135
MinimumVisualStudioVersion = 10.0.40219.1
Project("{FAE04EC0-301F-11D3-BF4B-00C04F79EFBC}") = "ReactWebApp", "ReactWebApp\ReactWebApp.csproj", "{2AC77EEC-4714-4A96-9DFA-64DAF6C32543}"
EndProject
Project("{FAE04EC0-301F-11D3-BF4B-00C04F79EFBC}") = "ReactDotNet", "ReactDotNet\ReactDotNet.csproj", "{BE9AD668-A5AE-4F7B-81F5-8A4B99C05709}"
EndProject
Global
	GlobalSection(SolutionConfigurationPlatforms) = preSolution
		Debug|Any CPU = Debug|Any CPU
		Release|Any CPU = Release|Any CPU
	EndGlobalSection
	GlobalSection(ProjectConfigurationPlatforms) = postSolution
		{2AC77EEC-4714-4A96-9DFA-64DAF6C32543}.Debug|Any CPU.ActiveCfg = Debug|Any CPU
		{2AC77EEC-4714-4A96-9DFA-64DAF6C32543}.Debug|Any CPU.Build.0 = Debug|Any CPU
		{2AC77EEC-4714-4A96-9DFA-64DAF6C32543}.Release|Any CPU.ActiveCfg = Release|Any CPU
		{2AC77EEC-4714-4A96-9DFA-64DAF6C32543}.Release|Any CPU.Build.0 = Release|Any CPU
		{BE9AD668-A5AE-4F7B-81F5-8A4B99C05709}.Debug|Any CPU.ActiveCfg = Debug|Any CPU
		{BE9AD668-A5AE-4F7B-81F5-8A4B99C05709}.Debug|Any CPU.Build.0 = Debug|Any CPU
		{BE9AD668-A5AE-4F7B-81F5-8A4B99C05709}.Release|Any CPU.ActiveCfg = Release|Any CPU
		{BE9AD668-A5AE-4F7B-81F5-8A4B99C05709}.Release|Any CPU.Build.0 = Release|Any CPU
	EndGlobalSection
	GlobalSection(SolutionProperties) = preSolution
		HideSolutionNode = FALSE
	EndGlobalSection
	GlobalSection(ExtensibilityGlobals) = postSolution
		SolutionGuid = {AE2ABD70-5098-463E-904E-E575824F9F3C}
	EndGlobalSection
EndGlobal
